
Microsoft Visual Studio Solution File, Format Version 12.00
# Visual Studio Version 17
VisualStudioVersion = 17.11.35222.181
MinimumVisualStudioVersion = 10.0.40219.1
Project("{FAE04EC0-301F-11D3-BF4B-00C04F79EFBC}") = "Presentacion", "GUI\Presentacion.csproj", "{23E1500F-E866-4D42-9C6D-3146D8E7C128}"
EndProject
Project("{FAE04EC0-301F-11D3-BF4B-00C04F79EFBC}") = "Logica", "Logica\Logica.csproj", "{5AE73709-0733-489E-B365-DACD8EC5529C}"
EndProject
Project("{FAE04EC0-301F-11D3-BF4B-00C04F79EFBC}") = "Persistencia", "Persistencia\Persistencia.csproj", "{16467726-68C3-42A8-9CA0-8A67EB66D8BB}"
EndProject
Project("{FAE04EC0-301F-11D3-BF4B-00C04F79EFBC}") = "Entidades", "Entidades\Entidades.csproj", "{971E30C4-B905-4CF6-8C33-6FF407A3B5F4}"
EndProject
Global
	GlobalSection(SolutionConfigurationPlatforms) = preSolution
		Debug|Any CPU = Debug|Any CPU
		Release|Any CPU = Release|Any CPU
	EndGlobalSection
	GlobalSection(ProjectConfigurationPlatforms) = postSolution
		{23E1500F-E866-4D42-9C6D-3146D8E7C128}.Debug|Any CPU.ActiveCfg = Debug|Any CPU
		{23E1500F-E866-4D42-9C6D-3146D8E7C128}.Debug|Any CPU.Build.0 = Debug|Any CPU
		{23E1500F-E866-4D42-9C6D-3146D8E7C128}.Release|Any CPU.ActiveCfg = Release|Any CPU
		{23E1500F-E866-4D42-9C6D-3146D8E7C128}.Release|Any CPU.Build.0 = Release|Any CPU
		{5AE73709-0733-489E-B365-DACD8EC5529C}.Debug|Any CPU.ActiveCfg = Debug|Any CPU
		{5AE73709-0733-489E-B365-DACD8EC5529C}.Debug|Any CPU.Build.0 = Debug|Any CPU
		{5AE73709-0733-489E-B365-DACD8EC5529C}.Release|Any CPU.ActiveCfg = Release|Any CPU
		{5AE73709-0733-489E-B365-DACD8EC5529C}.Release|Any CPU.Build.0 = Release|Any CPU
		{16467726-68C3-42A8-9CA0-8A67EB66D8BB}.Debug|Any CPU.ActiveCfg = Debug|Any CPU
		{16467726-68C3-42A8-9CA0-8A67EB66D8BB}.Debug|Any CPU.Build.0 = Debug|Any CPU
		{16467726-68C3-42A8-9CA0-8A67EB66D8BB}.Release|Any CPU.ActiveCfg = Release|Any CPU
		{16467726-68C3-42A8-9CA0-8A67EB66D8BB}.Release|Any CPU.Build.0 = Release|Any CPU
		{971E30C4-B905-4CF6-8C33-6FF407A3B5F4}.Debug|Any CPU.ActiveCfg = Debug|Any CPU
		{971E30C4-B905-4CF6-8C33-6FF407A3B5F4}.Debug|Any CPU.Build.0 = Debug|Any CPU
		{971E30C4-B905-4CF6-8C33-6FF407A3B5F4}.Release|Any CPU.ActiveCfg = Release|Any CPU
		{971E30C4-B905-4CF6-8C33-6FF407A3B5F4}.Release|Any CPU.Build.0 = Release|Any CPU
	EndGlobalSection
	GlobalSection(SolutionProperties) = preSolution
		HideSolutionNode = FALSE
	EndGlobalSection
	GlobalSection(ExtensibilityGlobals) = postSolution
		SolutionGuid = {03EA94ED-6479-49DC-B8D6-F2CD8D7FB11B}
	EndGlobalSection
EndGlobal
